
Microsoft Visual Studio Solution File, Format Version 12.00
# Visual Studio Version 17
VisualStudioVersion = 17.0.32112.339
MinimumVisualStudioVersion = 10.0.40219.1
Project("{FAE04EC0-301F-11D3-BF4B-00C04F79EFBC}") = "Felhasznalo_LV_DGV", "Felhasznalo_LV_DGV\Felhasznalo_LV_DGV.csproj", "{5BEE4B28-10CD-40E1-8049-352F32BB9077}"
EndProject
Global
	GlobalSection(SolutionConfigurationPlatforms) = preSolution
		Debug|Any CPU = Debug|Any CPU
		Release|Any CPU = Release|Any CPU
	EndGlobalSection
	GlobalSection(ProjectConfigurationPlatforms) = postSolution
		{5BEE4B28-10CD-40E1-8049-352F32BB9077}.Debug|Any CPU.ActiveCfg = Debug|Any CPU
		{5BEE4B28-10CD-40E1-8049-352F32BB9077}.Debug|Any CPU.Build.0 = Debug|Any CPU
		{5BEE4B28-10CD-40E1-8049-352F32BB9077}.Release|Any CPU.ActiveCfg = Release|Any CPU
		{5BEE4B28-10CD-40E1-8049-352F32BB9077}.Release|Any CPU.Build.0 = Release|Any CPU
	EndGlobalSection
	GlobalSection(SolutionProperties) = preSolution
		HideSolutionNode = FALSE
	EndGlobalSection
	GlobalSection(ExtensibilityGlobals) = postSolution
		SolutionGuid = {1377F626-CA3B-493B-A5E9-C3A9974BB059}
	EndGlobalSection
EndGlobal
